// !$*UTF8*$!
{
	archiveVersion = 1;
	classes = {
	};
	objectVersion = 46;
	objects = {

/* Begin PBXBuildFile section */
		9F715EB41C7FEAA800041DAD /* AppDelegate.swift in Sources */ = {isa = PBXBuildFile; fileRef = 9F715EB31C7FEAA800041DAD /* AppDelegate.swift */; };
		9F715EB61C7FEAA800041DAD /* ViewController.swift in Sources */ = {isa = PBXBuildFile; fileRef = 9F715EB51C7FEAA800041DAD /* ViewController.swift */; };
		9F715EB91C7FEAA800041DAD /* Main.storyboard in Resources */ = {isa = PBXBuildFile; fileRef = 9F715EB71C7FEAA800041DAD /* Main.storyboard */; };
		9F715EBB1C7FEAA800041DAD /* Assets.xcassets in Resources */ = {isa = PBXBuildFile; fileRef = 9F715EBA1C7FEAA800041DAD /* Assets.xcassets */; };
		9F715EBE1C7FEAA800041DAD /* LaunchScreen.storyboard in Resources */ = {isa = PBXBuildFile; fileRef = 9F715EBC1C7FEAA800041DAD /* LaunchScreen.storyboard */; };
		9F715EC91C7FEAA800041DAD /* NSDate_ExtensionTests.swift in Sources */ = {isa = PBXBuildFile; fileRef = 9F715EC81C7FEAA800041DAD /* NSDate_ExtensionTests.swift */; };
		9F715ED41C7FEAA800041DAD /* NSDate_ExtensionUITests.swift in Sources */ = {isa = PBXBuildFile; fileRef = 9F715ED31C7FEAA800041DAD /* NSDate_ExtensionUITests.swift */; };
		9F715EE21C7FEAE100041DAD /* Extension.swift in Sources */ = {isa = PBXBuildFile; fileRef = 9F715EE11C7FEAE100041DAD /* Extension.swift */; };
/* End PBXBuildFile section */

/* Begin PBXContainerItemProxy section */
		9F715EC51C7FEAA800041DAD /* PBXContainerItemProxy */ = {
			isa = PBXContainerItemProxy;
			containerPortal = 9F715EA81C7FEAA800041DAD /* Project object */;
			proxyType = 1;
			remoteGlobalIDString = 9F715EAF1C7FEAA800041DAD;
			remoteInfo = NSDate_Extension;
		};
		9F715ED01C7FEAA800041DAD /* PBXContainerItemProxy */ = {
			isa = PBXContainerItemProxy;
			containerPortal = 9F715EA81C7FEAA800041DAD /* Project object */;
			proxyType = 1;
			remoteGlobalIDString = 9F715EAF1C7FEAA800041DAD;
			remoteInfo = NSDate_Extension;
		};
/* End PBXContainerItemProxy section */

/* Begin PBXFileReference section */
		9F715EB01C7FEAA800041DAD /* NSDate_Extension.app */ = {isa = PBXFileReference; explicitFileType = wrapper.application; includeInIndex = 0; path = NSDate_Extension.app; sourceTree = BUILT_PRODUCTS_DIR; };
		9F715EB31C7FEAA800041DAD /* AppDelegate.swift */ = {isa = PBXFileReference; lastKnownFileType = sourcecode.swift; path = AppDelegate.swift; sourceTree = "<group>"; };
		9F715EB51C7FEAA800041DAD /* ViewController.swift */ = {isa = PBXFileReference; lastKnownFileType = sourcecode.swift; path = ViewController.swift; sourceTree = "<group>"; };
		9F715EB81C7FEAA800041DAD /* Base */ = {isa = PBXFileReference; lastKnownFileType = file.storyboard; name = Base; path = Base.lproj/Main.storyboard; sourceTree = "<group>"; };
		9F715EBA1C7FEAA800041DAD /* Assets.xcassets */ = {isa = PBXFileReference; lastKnownFileType = folder.assetcatalog; path = Assets.xcassets; sourceTree = "<group>"; };
		9F715EBD1C7FEAA800041DAD /* Base */ = {isa = PBXFileReference; lastKnownFileType = file.storyboard; name = Base; path = Base.lproj/LaunchScreen.storyboard; sourceTree = "<group>"; };
		9F715EBF1C7FEAA800041DAD /* Info.plist */ = {isa = PBXFileReference; lastKnownFileType = text.plist.xml; path = Info.plist; sourceTree = "<group>"; };
		9F715EC41C7FEAA800041DAD /* NSDate_ExtensionTests.xctest */ = {isa = PBXFileReference; explicitFileType = wrapper.cfbundle; includeInIndex = 0; path = NSDate_ExtensionTests.xctest; sourceTree = BUILT_PRODUCTS_DIR; };
		9F715EC81C7FEAA800041DAD /* NSDate_ExtensionTests.swift */ = {isa = PBXFileReference; lastKnownFileType = sourcecode.swift; path = NSDate_ExtensionTests.swift; sourceTree = "<group>"; };
		9F715ECA1C7FEAA800041DAD /* Info.plist */ = {isa = PBXFileReference; lastKnownFileType = text.plist.xml; path = Info.plist; sourceTree = "<group>"; };
		9F715ECF1C7FEAA800041DAD /* NSDate_ExtensionUITests.xctest */ = {isa = PBXFileReference; explicitFileType = wrapper.cfbundle; includeInIndex = 0; path = NSDate_ExtensionUITests.xctest; sourceTree = BUILT_PRODUCTS_DIR; };
		9F715ED31C7FEAA800041DAD /* NSDate_ExtensionUITests.swift */ = {isa = PBXFileReference; lastKnownFileType = sourcecode.swift; path = NSDate_ExtensionUITests.swift; sourceTree = "<group>"; };
		9F715ED51C7FEAA800041DAD /* Info.plist */ = {isa = PBXFileReference; lastKnownFileType = text.plist.xml; path = Info.plist; sourceTree = "<group>"; };
		9F715EE11C7FEAE100041DAD /* Extension.swift */ = {isa = PBXFileReference; fileEncoding = 4; lastKnownFileType = sourcecode.swift; path = Extension.swift; sourceTree = "<group>"; };
/* End PBXFileReference section */

/* Begin PBXFrameworksBuildPhase section */
		9F715EAD1C7FEAA800041DAD /* Frameworks */ = {
			isa = PBXFrameworksBuildPhase;
			buildActionMask = 2147483647;
			files = (
			);
			runOnlyForDeploymentPostprocessing = 0;
		};
		9F715EC11C7FEAA800041DAD /* Frameworks */ = {
			isa = PBXFrameworksBuildPhase;
			buildActionMask = 2147483647;
			files = (
			);
			runOnlyForDeploymentPostprocessing = 0;
		};
		9F715ECC1C7FEAA800041DAD /* Frameworks */ = {
			isa = PBXFrameworksBuildPhase;
			buildActionMask = 2147483647;
			files = (
			);
			runOnlyForDeploymentPostprocessing = 0;
		};
/* End PBXFrameworksBuildPhase section */

/* Begin PBXGroup section */
		9F715EA71C7FEAA800041DAD = {
			isa = PBXGroup;
			children = (
				9F715EB21C7FEAA800041DAD /* NSDate_Extension */,
				9F715EC71C7FEAA800041DAD /* NSDate_ExtensionTests */,
				9F715ED21C7FEAA800041DAD /* NSDate_ExtensionUITests */,
				9F715EB11C7FEAA800041DAD /* Products */,
			);
			sourceTree = "<group>";
		};
		9F715EB11C7FEAA800041DAD /* Products */ = {
			isa = PBXGroup;
			children = (
				9F715EB01C7FEAA800041DAD /* NSDate_Extension.app */,
				9F715EC41C7FEAA800041DAD /* NSDate_ExtensionTests.xctest */,
				9F715ECF1C7FEAA800041DAD /* NSDate_ExtensionUITests.xctest */,
			);
			name = Products;
			sourceTree = "<group>";
		};
		9F715EB21C7FEAA800041DAD /* NSDate_Extension */ = {
			isa = PBXGroup;
			children = (
				9F715EB31C7FEAA800041DAD /* AppDelegate.swift */,
				9F715EB51C7FEAA800041DAD /* ViewController.swift */,
				9F715EE11C7FEAE100041DAD /* Extension.swift */,
				9F715EB71C7FEAA800041DAD /* Main.storyboard */,
				9F715EBA1C7FEAA800041DAD /* Assets.xcassets */,
				9F715EBC1C7FEAA800041DAD /* LaunchScreen.storyboard */,
				9F715EBF1C7FEAA800041DAD /* Info.plist */,
			);
			path = NSDate_Extension;
			sourceTree = "<group>";
		};
		9F715EC71C7FEAA800041DAD /* NSDate_ExtensionTests */ = {
			isa = PBXGroup;
			children = (
				9F715EC81C7FEAA800041DAD /* NSDate_ExtensionTests.swift */,
				9F715ECA1C7FEAA800041DAD /* Info.plist */,
			);
			path = NSDate_ExtensionTests;
			sourceTree = "<group>";
		};
		9F715ED21C7FEAA800041DAD /* NSDate_ExtensionUITests */ = {
			isa = PBXGroup;
			children = (
				9F715ED31C7FEAA800041DAD /* NSDate_ExtensionUITests.swift */,
				9F715ED51C7FEAA800041DAD /* Info.plist */,
			);
			path = NSDate_ExtensionUITests;
			sourceTree = "<group>";
		};
/* End PBXGroup section */

/* Begin PBXNativeTarget section */
		9F715EAF1C7FEAA800041DAD /* NSDate_Extension */ = {
			isa = PBXNativeTarget;
			buildConfigurationList = 9F715ED81C7FEAA800041DAD /* Build configuration list for PBXNativeTarget "NSDate_Extension" */;
			buildPhases = (
				9F715EAC1C7FEAA800041DAD /* Sources */,
				9F715EAD1C7FEAA800041DAD /* Frameworks */,
				9F715EAE1C7FEAA800041DAD /* Resources */,
			);
			buildRules = (
			);
			dependencies = (
			);
			name = NSDate_Extension;
			productName = NSDate_Extension;
			productReference = 9F715EB01C7FEAA800041DAD /* NSDate_Extension.app */;
			productType = "com.apple.product-type.application";
		};
		9F715EC31C7FEAA800041DAD /* NSDate_ExtensionTests */ = {
			isa = PBXNativeTarget;
			buildConfigurationList = 9F715EDB1C7FEAA800041DAD /* Build configuration list for PBXNativeTarget "NSDate_ExtensionTests" */;
			buildPhases = (
				9F715EC01C7FEAA800041DAD /* Sources */,
				9F715EC11C7FEAA800041DAD /* Frameworks */,
				9F715EC21C7FEAA800041DAD /* Resources */,
			);
			buildRules = (
			);
			dependencies = (
				9F715EC61C7FEAA800041DAD /* PBXTargetDependency */,
			);
			name = NSDate_ExtensionTests;
			productName = NSDate_ExtensionTests;
			productReference = 9F715EC41C7FEAA800041DAD /* NSDate_ExtensionTests.xctest */;
			productType = "com.apple.product-type.bundle.unit-test";
		};
		9F715ECE1C7FEAA800041DAD /* NSDate_ExtensionUITests */ = {
			isa = PBXNativeTarget;
			buildConfigurationList = 9F715EDE1C7FEAA800041DAD /* Build configuration list for PBXNativeTarget "NSDate_ExtensionUITests" */;
			buildPhases = (
				9F715ECB1C7FEAA800041DAD /* Sources */,
				9F715ECC1C7FEAA800041DAD /* Frameworks */,
				9F715ECD1C7FEAA800041DAD /* Resources */,
			);
			buildRules = (
			);
			dependencies = (
				9F715ED11C7FEAA800041DAD /* PBXTargetDependency */,
			);
			name = NSDate_ExtensionUITests;
			productName = NSDate_ExtensionUITests;
			productReference = 9F715ECF1C7FEAA800041DAD /* NSDate_ExtensionUITests.xctest */;
			productType = "com.apple.product-type.bundle.ui-testing";
		};
/* End PBXNativeTarget section */

/* Begin PBXProject section */
		9F715EA81C7FEAA800041DAD /* Project object */ = {
			isa = PBXProject;
			attributes = {
				LastSwiftUpdateCheck = 0720;
				LastUpgradeCheck = 0720;
				ORGANIZATIONNAME = LQB;
				TargetAttributes = {
					9F715EAF1C7FEAA800041DAD = {
						CreatedOnToolsVersion = 7.2;
					};
					9F715EC31C7FEAA800041DAD = {
						CreatedOnToolsVersion = 7.2;
						TestTargetID = 9F715EAF1C7FEAA800041DAD;
					};
					9F715ECE1C7FEAA800041DAD = {
						CreatedOnToolsVersion = 7.2;
						TestTargetID = 9F715EAF1C7FEAA800041DAD;
					};
				};
			};
			buildConfigurationList = 9F715EAB1C7FEAA800041DAD /* Build configuration list for PBXProject "NSDate_Extension" */;
			compatibilityVersion = "Xcode 3.2";
			developmentRegion = English;
			hasScannedForEncodings = 0;
			knownRegions = (
				en,
				Base,
			);
			mainGroup = 9F715EA71C7FEAA800041DAD;
			productRefGroup = 9F715EB11C7FEAA800041DAD /* Products */;
			projectDirPath = "";
			projectRoot = "";
			targets = (
				9F715EAF1C7FEAA800041DAD /* NSDate_Extension */,
				9F715EC31C7FEAA800041DAD /* NSDate_ExtensionTests */,
				9F715ECE1C7FEAA800041DAD /* NSDate_ExtensionUITests */,
			);
		};
/* End PBXProject section */

/* Begin PBXResourcesBuildPhase section */
		9F715EAE1C7FEAA800041DAD /* Resources */ = {
			isa = PBXResourcesBuildPhase;
			buildActionMask = 2147483647;
			files = (
				9F715EBE1C7FEAA800041DAD /* LaunchScreen.storyboard in Resources */,
				9F715EBB1C7FEAA800041DAD /* Assets.xcassets in Resources */,
				9F715EB91C7FEAA800041DAD /* Main.storyboard in Resources */,
			);
			runOnlyForDeploymentPostprocessing = 0;
		};
		9F715EC21C7FEAA800041DAD /* Resources */ = {
			isa = PBXResourcesBuildPhase;
			buildActionMask = 2147483647;
			files = (
			);
			runOnlyForDeploymentPostprocessing = 0;
		};
		9F715ECD1C7FEAA800041DAD /* Resources */ = {
			isa = PBXResourcesBuildPhase;
			buildActionMask = 2147483647;
			files = (
			);
			runOnlyForDeploymentPostprocessing = 0;
		};
/* End PBXResourcesBuildPhase section */

/* Begin PBXSourcesBuildPhase section */
		9F715EAC1C7FEAA800041DAD /* Sources */ = {
			isa = PBXSourcesBuildPhase;
			buildActionMask = 2147483647;
			files = (
				9F715EE21C7FEAE100041DAD /* Extension.swift in Sources */,
				9F715EB61C7FEAA800041DAD /* ViewController.swift in Sources */,
				9F715EB41C7FEAA800041DAD /* AppDelegate.swift in Sources */,
			);
			runOnlyForDeploymentPostprocessing = 0;
		};
		9F715EC01C7FEAA800041DAD /* Sources */ = {
			isa = PBXSourcesBuildPhase;
			buildActionMask = 2147483647;
			files = (
				9F715EC91C7FEAA800041DAD /* NSDate_ExtensionTests.swift in Sources */,
			);
			runOnlyForDeploymentPostprocessing = 0;
		};
		9F715ECB1C7FEAA800041DAD /* Sources */ = {
			isa = PBXSourcesBuildPhase;
			buildActionMask = 2147483647;
			files = (
				9F715ED41C7FEAA800041DAD /* NSDate_ExtensionUITests.swift in Sources */,
			);
			runOnlyForDeploymentPostprocessing = 0;
		};
/* End PBXSourcesBuildPhase section */

/* Begin PBXTargetDependency section */
		9F715EC61C7FEAA800041DAD /* PBXTargetDependency */ = {
			isa = PBXTargetDependency;
			target = 9F715EAF1C7FEAA800041DAD /* NSDate_Extension */;
			targetProxy = 9F715EC51C7FEAA800041DAD /* PBXContainerItemProxy */;
		};
		9F715ED11C7FEAA800041DAD /* PBXTargetDependency */ = {
			isa = PBXTargetDependency;
			target = 9F715EAF1C7FEAA800041DAD /* NSDate_Extension */;
			targetProxy = 9F715ED01C7FEAA800041DAD /* PBXContainerItemProxy */;
		};
/* End PBXTargetDependency section */

/* Begin PBXVariantGroup section */
		9F715EB71C7FEAA800041DAD /* Main.storyboard */ = {
			isa = PBXVariantGroup;
			children = (
				9F715EB81C7FEAA800041DAD /* Base */,
			);
			name = Main.storyboard;
			sourceTree = "<group>";
		};
		9F715EBC1C7FEAA800041DAD /* LaunchScreen.storyboard */ = {
			isa = PBXVariantGroup;
			children = (
				9F715EBD1C7FEAA800041DAD /* Base */,
			);
			name = LaunchScreen.storyboard;
			sourceTree = "<group>";
		};
/* End PBXVariantGroup section */

/* Begin XCBuildConfiguration section */
		9F715ED61C7FEAA800041DAD /* Debug */ = {
			isa = XCBuildConfiguration;
			buildSettings = {
				ALWAYS_SEARCH_USER_PATHS = NO;
				CLANG_CXX_LANGUAGE_STANDARD = "gnu++0x";
				CLANG_CXX_LIBRARY = "libc++";
				CLANG_ENABLE_MODULES = YES;
				CLANG_ENABLE_OBJC_ARC = YES;
				CLANG_WARN_BOOL_CONVERSION = YES;
				CLANG_WARN_CONSTANT_CONVERSION = YES;
				CLANG_WARN_DIRECT_OBJC_ISA_USAGE = YES_ERROR;
				CLANG_WARN_EMPTY_BODY = YES;
				CLANG_WARN_ENUM_CONVERSION = YES;
				CLANG_WARN_INT_CONVERSION = YES;
				CLANG_WARN_OBJC_ROOT_CLASS = YES_ERROR;
				CLANG_WARN_UNREACHABLE_CODE = YES;
				CLANG_WARN__DUPLICATE_METHOD_MATCH = YES;
				"CODE_SIGN_IDENTITY[sdk=iphoneos*]" = "iPhone Developer";
				COPY_PHASE_STRIP = NO;
				DEBUG_INFORMATION_FORMAT = dwarf;
				ENABLE_STRICT_OBJC_MSGSEND = YES;
				ENABLE_TESTABILITY = YES;
				GCC_C_LANGUAGE_STANDARD = gnu99;
				GCC_DYNAMIC_NO_PIC = NO;
				GCC_NO_COMMON_BLOCKS = YES;
				GCC_OPTIMIZATION_LEVEL = 0;
				GCC_PREPROCESSOR_DEFINITIONS = (
					"DEBUG=1",
					"$(inherited)",
				);
				GCC_WARN_64_TO_32_BIT_CONVERSION = YES;
				GCC_WARN_ABOUT_RETURN_TYPE = YES_ERROR;
				GCC_WARN_UNDECLARED_SELECTOR = YES;
				GCC_WARN_UNINITIALIZED_AUTOS = YES_AGGRESSIVE;
				GCC_WARN_UNUSED_FUNCTION = YES;
				GCC_WARN_UNUSED_VARIABLE = YES;
				IPHONEOS_DEPLOYMENT_TARGET = 9.2;
				MTL_ENABLE_DEBUG_INFO = YES;
				ONLY_ACTIVE_ARCH = YES;
				SDKROOT = iphoneos;
				SWIFT_OPTIMIZATION_LEVEL = "-Onone";
			};
			name = Debug;
		};
		9F715ED71C7FEAA800041DAD /* Release */ = {
			isa = XCBuildConfiguration;
			buildSettings = {
				ALWAYS_SEARCH_USER_PATHS = NO;
				CLANG_CXX_LANGUAGE_STANDARD = "gnu++0x";
				CLANG_CXX_LIBRARY = "libc++";
				CLANG_ENABLE_MODULES = YES;
				CLANG_ENABLE_OBJC_ARC = YES;
				CLANG_WARN_BOOL_CONVERSION = YES;
				CLANG_WARN_CONSTANT_CONVERSION = YES;
				CLANG_WARN_DIRECT_OBJC_ISA_USAGE = YES_ERROR;
				CLANG_WARN_EMPTY_BODY = YES;
				CLANG_WARN_ENUM_CONVERSION = YES;
				CLANG_WARN_INT_CONVERSION = YES;
				CLANG_WARN_OBJC_ROOT_CLASS = YES_ERROR;
				CLANG_WARN_UNREACHABLE_CODE = YES;
				CLANG_WARN__DUPLICATE_METHOD_MATCH = YES;
				"CODE_SIGN_IDENTITY[sdk=iphoneos*]" = "iPhone Developer";
				COPY_PHASE_STRIP = NO;
				DEBUG_INFORMATION_FORMAT = "dwarf-with-dsym";
				ENABLE_NS_ASSERTIONS = NO;
				ENABLE_STRICT_OBJC_MSGSEND = YES;
				GCC_C_LANGUAGE_STANDARD = gnu99;
				GCC_NO_COMMON_BLOCKS = YES;
				GCC_WARN_64_TO_32_BIT_CONVERSION = YES;
				GCC_WARN_ABOUT_RETURN_TYPE = YES_ERROR;
				GCC_WARN_UNDECLARED_SELECTOR = YES;
				GCC_WARN_UNINITIALIZED_AUTOS = YES_AGGRESSIVE;
				GCC_WARN_UNUSED_FUNCTION = YES;
				GCC_WARN_UNUSED_VARIABLE = YES;
				IPHONEOS_DEPLOYMENT_TARGET = 9.2;
				MTL_ENABLE_DEBUG_INFO = NO;
				SDKROOT = iphoneos;
				VALIDATE_PRODUCT = YES;
			};
			name = Release;
		};
		9F715ED91C7FEAA800041DAD /* Debug */ = {
			isa = XCBuildConfiguration;
			buildSettings = {
				ASSETCATALOG_COMPILER_APPICON_NAME = AppIcon;
				INFOPLIST_FILE = NSDate_Extension/Info.plist;
				IPHONEOS_DEPLOYMENT_TARGET = 8.0;
				LD_RUNPATH_SEARCH_PATHS = "$(inherited) @executable_path/Frameworks";
				PRODUCT_BUNDLE_IDENTIFIER = "LQB.NSDate-Extension";
				PRODUCT_NAME = "$(TARGET_NAME)";
			};
			name = Debug;
		};
		9F715EDA1C7FEAA800041DAD /* Release */ = {
			isa = XCBuildConfiguration;
			buildSettings = {
				ASSETCATALOG_COMPILER_APPICON_NAME = AppIcon;
				INFOPLIST_FILE = NSDate_Extension/Info.plist;
				IPHONEOS_DEPLOYMENT_TARGET = 8.0;
				LD_RUNPATH_SEARCH_PATHS = "$(inherited) @executable_path/Frameworks";
				PRODUCT_BUNDLE_IDENTIFIER = "LQB.NSDate-Extension";
				PRODUCT_NAME = "$(TARGET_NAME)";
			};
			name = Release;
		};
		9F715EDC1C7FEAA800041DAD /* Debug */ = {
			isa = XCBuildConfiguration;
			buildSettings = {
				BUNDLE_LOADER = "$(TEST_HOST)";
				INFOPLIST_FILE = NSDate_ExtensionTests/Info.plist;
				LD_RUNPATH_SEARCH_PATHS = "$(inherited) @executable_path/Frameworks @loader_path/Frameworks";
				PRODUCT_BUNDLE_IDENTIFIER = "LQB.NSDate-ExtensionTests";
				PRODUCT_NAME = "$(TARGET_NAME)";
				TEST_HOST = "$(BUILT_PRODUCTS_DIR)/NSDate_Extension.app/NSDate_Extension";
			};
			name = Debug;
		};
		9F715EDD1C7FEAA800041DAD /* Release */ = {
			isa = XCBuildConfiguration;
			buildSettings = {
				BUNDLE_LOADER = "$(TEST_HOST)";
				INFOPLIST_FILE = NSDate_ExtensionTests/Info.plist;
				LD_RUNPATH_SEARCH_PATHS = "$(inherited) @executable_path/Frameworks @loader_path/Frameworks";
				PRODUCT_BUNDLE_IDENTIFIER = "LQB.NSDate-ExtensionTests";
				PRODUCT_NAME = "$(TARGET_NAME)";
				TEST_HOST = "$(BUILT_PRODUCTS_DIR)/NSDate_Extension.app/NSDate_Extension";
			};
			name = Release;
		};
		9F715EDF1C7FEAA800041DAD /* Debug */ = {
			isa = XCBuildConfiguration;
			buildSettings = {
				INFOPLIST_FILE = NSDate_ExtensionUITests/Info.plist;
				LD_RUNPATH_SEARCH_PATHS = "$(inherited) @executable_path/Frameworks @loader_path/Frameworks";
				PRODUCT_BUNDLE_IDENTIFIER = "LQB.NSDate-ExtensionUITests";
				PRODUCT_NAME = "$(TARGET_NAME)";
				TEST_TARGET_NAME = NSDate_Extension;
				USES_XCTRUNNER = YES;
			};
			name = Debug;
		};
		9F715EE01C7FEAA800041DAD /* Release */ = {
			isa = XCBuildConfiguration;
			buildSettings = {
				INFOPLIST_FILE = NSDate_ExtensionUITests/Info.plist;
				LD_RUNPATH_SEARCH_PATHS = "$(inherited) @executable_path/Frameworks @loader_path/Frameworks";
				PRODUCT_BUNDLE_IDENTIFIER = "LQB.NSDate-ExtensionUITests";
				PRODUCT_NAME = "$(TARGET_NAME)";
				TEST_TARGET_NAME = NSDate_Extension;
				USES_XCTRUNNER = YES;
			};
			name = Release;
		};
/* End XCBuildConfiguration section */

/* Begin XCConfigurationList section */
		9F715EAB1C7FEAA800041DAD /* Build configuration list for PBXProject "NSDate_Extension" */ = {
			isa = XCConfigurationList;
			buildConfigurations = (
				9F715ED61C7FEAA800041DAD /* Debug */,
				9F715ED71C7FEAA800041DAD /* Release */,
			);
			defaultConfigurationIsVisible = 0;
			defaultConfigurationName = Release;
		};
		9F715ED81C7FEAA800041DAD /* Build configuration list for PBXNativeTarget "NSDate_Extension" */ = {
			isa = XCConfigurationList;
			buildConfigurations = (
				9F715ED91C7FEAA800041DAD /* Debug */,
				9F715EDA1C7FEAA800041DAD /* Release */,
			);
			defaultConfigurationIsVisible = 0;
		};
		9F715EDB1C7FEAA800041DAD /* Build configuration list for PBXNativeTarget "NSDate_ExtensionTests" */ = {
			isa = XCConfigurationList;
			buildConfigurations = (
				9F715EDC1C7FEAA800041DAD /* Debug */,
				9F715EDD1C7FEAA800041DAD /* Release */,
			);
			defaultConfigurationIsVisible = 0;
		};
		9F715EDE1C7FEAA800041DAD /* Build configuration list for PBXNativeTarget "NSDate_ExtensionUITests" */ = {
			isa = XCConfigurationList;
			buildConfigurations = (
				9F715EDF1C7FEAA800041DAD /* Debug */,
				9F715EE01C7FEAA800041DAD /* Release */,
			);
			defaultConfigurationIsVisible = 0;
		};
/* End XCConfigurationList section */
	};
	rootObject = 9F715EA81C7FEAA800041DAD /* Project object */;
}
